<?xml version='1.0' encoding='utf-8'?>
<Project ToolsVersion="4.0" xmlns="http://schemas.microsoft.com/developer/msbuild/2003">
  <ItemGroup>
    <Filter Include="Exemple">
      <UniqueIdentifier>{7632EE37-A637-4126-BB43-00A89868DA9E}</UniqueIdentifier>
    </Filter>
    <Filter Include="Source">
      <UniqueIdentifier>{7DC2C8D5-0690-48F7-9446-C3ABA1773BD5}</UniqueIdentifier>
    </Filter>
    <Filter Include="Source\Core">
      <UniqueIdentifier>{91F38F9F-6E1A-4A82-8269-6670A4F34BF7}</UniqueIdentifier>
    </Filter>
    <Filter Include="Source\Core\Private">
      <UniqueIdentifier>{1E50A45A-B138-4071-94B8-066D4B241F95}</UniqueIdentifier>
    </Filter>
    <Filter Include="Source\Core\Private\Core">
      <UniqueIdentifier>{650040DB-256F-4818-96C6-AF2AC275959A}</UniqueIdentifier>
    </Filter>
    <Filter Include="Source\Core\Public">
      <UniqueIdentifier>{A35E0E31-22AE-4F92-889F-71C02DCCD883}</UniqueIdentifier>
    </Filter>
    <Filter Include="Source\Core\Public\Core">
      <UniqueIdentifier>{BD5C6626-EB0A-43C2-B77B-FC1F270D36C7}</UniqueIdentifier>
    </Filter>
    <Filter Include="Source\Engine">
      <UniqueIdentifier>{5ECD7252-C3CF-4A05-B9F6-C3730AF23F03}</UniqueIdentifier>
    </Filter>
    <Filter Include="Source\Engine\Private">
      <UniqueIdentifier>{C5F6E8B1-4C3E-4CC7-8D20-8A6B97A8B5C1}</UniqueIdentifier>
    </Filter>
    <Filter Include="Source\Engine\Private\Gui">
      <UniqueIdentifier>{F0A2335F-6E3B-4B1E-9D4E-9A6356574A8F}</UniqueIdentifier>
    </Filter>
    <Filter Include="Source\Engine\Public">
      <UniqueIdentifier>{2E486ABD-BF87-407C-B630-EA49B85A90B7}</UniqueIdentifier>
    </Filter>
    <Filter Include="Source\Engine\Public\Gui">
      <UniqueIdentifier>{8B3C9A5D-1E6F-4F35-B4D5-571F058C29CF}</UniqueIdentifier>
    </Filter>
    <Filter Include="Source\Game">
      <UniqueIdentifier>{C9DD7849-4CDB-4A4B-BAFF-98B74B368EED}</UniqueIdentifier>
    </Filter>
    <Filter Include="Source\Game\Private">
      <UniqueIdentifier>{CF874475-CFAE-4F13-A079-8C1470273EA3}</UniqueIdentifier>
    </Filter>
    <Filter Include="Source\Game\Private\Game">
      <UniqueIdentifier>{E1D0D647-187B-4559-B117-2FD1685BD305}</UniqueIdentifier>
    </Filter>
    <Filter Include="Source\Game\Private\Game\Components">
      <UniqueIdentifier>{06CCFD30-7345-4A3C-BD9E-631BE5490828}</UniqueIdentifier>
    </Filter>
    <Filter Include="Source\Game\Private\Game\Test">
      <UniqueIdentifier>{7FBECB4E-F1AE-4745-8D48-425568BD2BD3}</UniqueIdentifier>
    </Filter>
    <Filter Include="Source\Game\Public">
      <UniqueIdentifier>{3F384DB3-E90B-41D4-B773-B935CF112154}</UniqueIdentifier>
    </Filter>
    <Filter Include="Source\Game\Public\Game">
      <UniqueIdentifier>{1923FBC5-B951-4052-82CE-739C5EB3C1A9}</UniqueIdentifier>
    </Filter>
    <Filter Include="Source\Game\Public\Game\Components">
      <UniqueIdentifier>{9C87926D-9F68-46ED-B705-C5328A75D54C}</UniqueIdentifier>
    </Filter>
    <Filter Include="Source\Game\Public\Game\Test">
      <UniqueIdentifier>{FC5DECDE-1E63-4477-B0EA-4F2326FC673F}</UniqueIdentifier>
    </Filter>
    <Filter Include="Source\Graphics">
      <UniqueIdentifier>{DD87D34B-7CEB-4458-8CD6-CBE4E2DBED40}</UniqueIdentifier>
    </Filter>
    <Filter Include="Source\Graphics\Private">
      <UniqueIdentifier>{9E0E13D2-DD5E-4C69-879C-0EAC14AA7305}</UniqueIdentifier>
    </Filter>
    <Filter Include="Source\Graphics\Private\Graphics">
      <UniqueIdentifier>{5483414C-31AD-426B-B762-A690EA285C2D}</UniqueIdentifier>
    </Filter>
    <Filter Include="Source\Graphics\Public">
      <UniqueIdentifier>{5CC85556-1E85-4736-B7F3-25EE00EC3B6D}</UniqueIdentifier>
    </Filter>
    <Filter Include="Source\Graphics\Public\Graphics">
      <UniqueIdentifier>{1478D642-FED3-4BF8-B0C8-4A46DCEA5D34}</UniqueIdentifier>
    </Filter>
    <Filter Include="Source\Input">
      <UniqueIdentifier>{AB57C545-E1E3-4201-8163-DA40F61FE2C6}</UniqueIdentifier>
    </Filter>
    <Filter Include="Source\Input\Private">
      <UniqueIdentifier>{21666F6E-EDD3-428B-BF5B-0042F6C3B0C4}</UniqueIdentifier>
    </Filter>
    <Filter Include="Source\Input\Private\Input">
      <UniqueIdentifier>{AD33CD4D-0B6B-498F-B881-9E9204DCA93C}</UniqueIdentifier>
    </Filter>
    <Filter Include="Source\Input\Public">
      <UniqueIdentifier>{64960572-20CB-4FEB-8C3F-968B74851E83}</UniqueIdentifier>
    </Filter>
    <Filter Include="Source\Input\Public\Input">
      <UniqueIdentifier>{20EDEC04-53CB-4E38-A6C2-5F14BC47DACD}</UniqueIdentifier>
    </Filter>
    <Filter Include="Source\Math">
      <UniqueIdentifier>{E168D4A5-5C72-493B-B472-6719A3FF54E7}</UniqueIdentifier>
    </Filter>
    <Filter Include="Source\Math\Private">
      <UniqueIdentifier>{562A07DF-32D3-4A63-976E-01D4B2A8EBFC}</UniqueIdentifier>
    </Filter>
    <Filter Include="Source\Math\Private\Math">
      <UniqueIdentifier>{2C6CA222-0A08-4B15-87DF-786C36394B9B}</UniqueIdentifier>
    </Filter>
    <Filter Include="Source\Math\Public">
      <UniqueIdentifier>{6F545357-A6D8-48B6-8704-A7F1AAA79833}</UniqueIdentifier>
    </Filter>
    <Filter Include="Source\Math\Public\Math">
      <UniqueIdentifier>{9BEEBD80-A6AE-4EAE-B888-D17115633F8D}</UniqueIdentifier>
    </Filter>
    <Filter Include="External">
      <UniqueIdentifier>{8C922B88-A7B2-4A38-8F45-1A3B65FAF06E}</UniqueIdentifier>
    </Filter>
    <Filter Include="External\ImGui">
      <UniqueIdentifier>{BB6CD2E5-9AFE-438B-8CE7-6A861A7C7E7F}</UniqueIdentifier>
    </Filter>
    <Filter Include="Resource Files">
      <UniqueIdentifier>{DFC89BCC-BEB7-40C5-98CC-315E5A204203}</UniqueIdentifier>
      <Extensions>rc;ico;cur;bmp;dlg;rc2;rct;bin;rgs;gif;jpg;jpeg;jpe;resx;tiff;tif;png;wav;mfcribbon-ms</Extensions>
    </Filter>
  </ItemGroup>
  <ItemGroup>
    <ClCompile Include="Engine\Source\Core\Private\Core\Application.cpp">
      <Filter>Source\Core\Private\Core</Filter>
    </ClCompile>
    <ClCompile Include="Engine\Source\Core\Private\Core\Logger.cpp">
      <Filter>Source\Core\Private\Core</Filter>
    </ClCompile>
    <ClCompile Include="Engine\Source\Engine\Private\Gui\GuiManager.cpp">
      <Filter>Source\Engine\Private\Gui</Filter>
    </ClCompile>
    <ClCompile Include="Engine\Source\Engine\Private\Gui\GuiPanel.cpp">
      <Filter>Source\Engine\Private\Gui</Filter>
    </ClCompile>
    <ClCompile Include="Engine\Source\Engine\Private\Gui\GuiSystem.cpp">
      <Filter>Source\Engine\Private\Gui</Filter>
    </ClCompile>
    <ClCompile Include="Engine\Source\Game\Private\Game\ActorSpawner.cpp">
      <Filter>Source\Game\Private\Game</Filter>
    </ClCompile>
    <ClCompile Include="Engine\Source\Game\Private\Game\Components\Component.cpp">
      <Filter>Source\Game\Private\Game\Components</Filter>
    </ClCompile>
    <ClCompile Include="Engine\Source\Game\Private\Game\Components\SpriteComponent.cpp">
      <Filter>Source\Game\Private\Game\Components</Filter>
    </ClCompile>
    <ClCompile Include="Engine\Source\Game\Private\Game\Scene.cpp">
      <Filter>Source\Game\Private\Game</Filter>
    </ClCompile>
    <ClCompile Include="Engine\Source\Game\Private\Game\SceneManager.cpp">
      <Filter>Source\Game\Private\Game</Filter>
    </ClCompile>
    <ClCompile Include="Engine\Source\Game\Private\Game\SceneSerializer.cpp">
      <Filter>Source\Game\Private\Game</Filter>
    </ClCompile>
    <ClCompile Include="Engine\Source\Core\Private\Core\Timer.cpp">
      <Filter>Source\Core\Private\Core</Filter>
    </ClCompile>
    <ClCompile Include="Engine\Source\Core\Private\Core\Window.cpp">
      <Filter>Source\Core\Private\Core</Filter>
    </ClCompile>
    <ClCompile Include="Engine\Source\Game\Private\Game\EmptyScene.cpp">
      <Filter>Source\Game\Private\Game</Filter>
    </ClCompile>
    <ClCompile Include="Engine\Source\Game\Private\Game\Object.cpp">
      <Filter>Source\Game\Private\Game</Filter>
    </ClCompile>
    <ClCompile Include="Engine\Source\Game\Private\Game\Actor.cpp">
      <Filter>Source\Game\Private\Game</Filter>
    </ClCompile>
    <ClCompile Include="Engine\Source\Game\Private\Game\Test\Player.cpp">
      <Filter>Source\Game\Private\Game\Test</Filter>
    </ClCompile>
    <ClCompile Include="Engine\Source\Game\Private\Game\Test\TestScene.cpp">
      <Filter>Source\Game\Private\Game\Test</Filter>
    </ClCompile>
    <ClCompile Include="Engine\Source\Graphics\Private\Graphics\Renderer.cpp">
      <Filter>Source\Graphics\Private\Graphics</Filter>
    </ClCompile>
    <ClCompile Include="Engine\Source\Input\Private\Input\Input.cpp">
      <Filter>Source\Input\Private\Input</Filter>
    </ClCompile>
    <ClCompile Include="Engine\Source\Input\Private\Input\InputManager.cpp">
      <Filter>Source\Input\Private\Input</Filter>
    </ClCompile>
    <ClCompile Include="Engine\Source\Math\Private\Math\Color.cpp">
      <Filter>Source\Math\Private\Math</Filter>
    </ClCompile>
    <ClCompile Include="Engine\Source\Math\Private\Math\Rotator.cpp">
      <Filter>Source\Math\Private\Math</Filter>
    </ClCompile>
    <ClCompile Include="Engine\Source\Math\Private\Math\Transform.cpp">
      <Filter>Source\Math\Private\Math</Filter>
    </ClCompile>
    <ClCompile Include="Engine\Source\Math\Private\Math\Vector2.cpp">
      <Filter>Source\Math\Private\Math</Filter>
    </ClCompile>
    <ClCompile Include="Engine\Source\Math\Private\Math\Vector3.cpp">
      <Filter>Source\Math\Private\Math</Filter>
    </ClCompile>
    <ClCompile Include="Exemple\main.cpp">
      <Filter>Exemple</Filter>
    </ClCompile>
    <ClCompile Include="..\Libs\ImGui\imgui.cpp">
      <Filter>External\ImGui</Filter>
    </ClCompile>
    <ClCompile Include="..\Libs\ImGui\imgui_demo.cpp">
      <Filter>External\ImGui</Filter>
    </ClCompile>
    <ClCompile Include="..\Libs\ImGui\imgui_draw.cpp">
      <Filter>External\ImGui</Filter>
    </ClCompile>
    <ClCompile Include="..\Libs\ImGui\imgui_tables.cpp">
      <Filter>External\ImGui</Filter>
    </ClCompile>
    <ClCompile Include="..\Libs\ImGui\imgui_widgets.cpp">
      <Filter>External\ImGui</Filter>
    </ClCompile>
    <ClCompile Include="..\Libs\ImGui\backends\imgui_impl_sdl3.cpp">
      <Filter>External\ImGui</Filter>
    </ClCompile>
    <ClCompile Include="..\Libs\ImGui\backends\imgui_impl_sdlrenderer3.cpp">
      <Filter>External\ImGui</Filter>
    </ClCompile>
  </ItemGroup>
  <ItemGroup>
    <ClInclude Include="Engine\Source\Core\Public\Core\Application.h">
      <Filter>Source\Core\Public\Core</Filter>
    </ClInclude>
    <ClInclude Include="Engine\Source\Core\Public\Core\Types.h">
      <Filter>Source\Core\Public\Core</Filter>
    </ClInclude>
    <ClInclude Include="Engine\Source\Engine\Public\Engine.h">
      <Filter>Source\Engine\Public</Filter>
    </ClInclude>
    <ClInclude Include="Engine\Source\Engine\Public\Gui\GuiManager.h">
      <Filter>Source\Engine\Public\Gui</Filter>
    </ClInclude>
    <ClInclude Include="Engine\Source\Engine\Public\Gui\GuiPanel.h">
      <Filter>Source\Engine\Public\Gui</Filter>
    </ClInclude>
    <ClInclude Include="Engine\Source\Engine\Public\Gui\GuiSystem.h">
      <Filter>Source\Engine\Public\Gui</Filter>
    </ClInclude>
    <ClInclude Include="Engine\Source\Core\Public\Core\Logger.h">
      <Filter>Source\Core\Public\Core</Filter>
    </ClInclude>
    <ClInclude Include="Engine\Source\Game\Public\Game\ActorSpawner.h">
      <Filter>Source\Game\Public\Game</Filter>
    </ClInclude>
    <ClInclude Include="Engine\Source\Game\Public\Game\Object.h">
      <Filter>Source\Game\Public\Game</Filter>
    </ClInclude>
    <ClInclude Include="Engine\Source\Game\Public\Game\Components\Component.h">
      <Filter>Source\Game\Public\Game\Components</Filter>
    </ClInclude>
    <ClInclude Include="Engine\Source\Game\Public\Game\Components\SpriteComponent.h">
      <Filter>Source\Game\Public\Game\Components</Filter>
    </ClInclude>
    <ClInclude Include="Engine\Source\Game\Public\Game\Scene.h">
      <Filter>Source\Game\Public\Game</Filter>
    </ClInclude>
    <ClInclude Include="Engine\Source\Game\Public\Game\SceneManager.h">
      <Filter>Source\Game\Public\Game</Filter>
    </ClInclude>
    <ClInclude Include="Engine\Source\Game\Public\Game\SceneSerializer.h">
      <Filter>Source\Game\Public\Game</Filter>
    </ClInclude>
    <ClInclude Include="Engine\Source\Core\Public\Core\Timer.h">
      <Filter>Source\Core\Public\Core</Filter>
    </ClInclude>
    <ClInclude Include="Engine\Source\Core\Public\Core\Window.h">
      <Filter>Source\Core\Public\Core</Filter>
    </ClInclude>
    <ClInclude Include="Engine\Source\Game\Public\Game\EmptyScene.h">
      <Filter>Source\Game\Public\Game</Filter>
    </ClInclude>
    <ClInclude Include="Engine\Source\Game\Public\Game\Actor.h">
      <Filter>Source\Game\Public\Game</Filter>
    </ClInclude>
    <ClInclude Include="Engine\Source\Game\Public\Game\Test\Player.h">
      <Filter>Source\Game\Public\Game\Test</Filter>
    </ClInclude>
    <ClInclude Include="Engine\Source\Game\Public\Game\Test\TestScene.h">
      <Filter>Source\Game\Public\Game\Test</Filter>
    </ClInclude>
    <ClInclude Include="Engine\Source\Graphics\Public\Graphics\Renderer.h">
      <Filter>Source\Graphics\Public\Graphics</Filter>
    </ClInclude>
    <ClInclude Include="Engine\Source\Input\Public\Input\Input.h">
      <Filter>Source\Input\Public\Input</Filter>
    </ClInclude>
    <ClInclude Include="Engine\Source\Input\Public\Input\InputManager.h">
      <Filter>Source\Input\Public\Input</Filter>
    </ClInclude>
    <ClInclude Include="Engine\Source\Math\Public\Math\Color.h">
      <Filter>Source\Math\Public\Math</Filter>
    </ClInclude>
    <ClInclude Include="Engine\Source\Math\Public\Math\Math.h">
      <Filter>Source\Math\Public\Math</Filter>
    </ClInclude>
    <ClInclude Include="Engine\Source\Math\Public\Math\Rotator.h">
      <Filter>Source\Math\Public\Math</Filter>
    </ClInclude>
    <ClInclude Include="Engine\Source\Math\Public\Math\Transform.h">
      <Filter>Source\Math\Public\Math</Filter>
    </ClInclude>
    <ClInclude Include="Engine\Source\Math\Public\Math\Vector2.h">
      <Filter>Source\Math\Public\Math</Filter>
    </ClInclude>
    <ClInclude Include="Engine\Source\Math\Public\Math\Vector3.h">
      <Filter>Source\Math\Public\Math</Filter>
    </ClInclude>
  </ItemGroup>
</Project>