<?xml version="1.0" encoding="utf-8"?>
<!--
xmake version 3.0.4+master.b703ec328

  This file is auto generated by xmake.

  Please DO NOT EDIT since all your modification will lost after re-generation.
  See https://github.com/xmake-io/xmake/pull/472 for more infomation.
-->
<Project ToolsVersion="4.0" xmlns="http://schemas.microsoft.com/developer/msbuild/2003">
  <ItemGroup>
    <Filter Include="Properties">
      <UniqueIdentifier>{CC7C6180-942D-056E-3227-E6A2B3FB19CD}</UniqueIdentifier>
    </Filter>
    <Filter Include="Libs">
      <UniqueIdentifier>{10C17AA3-FD5B-4CF7-A8AA-9682C69B85A7}</UniqueIdentifier>
    </Filter>
    <Filter Include="Libs\ImGui">
      <UniqueIdentifier>{95196B45-035E-4749-A5E7-163CC0B0346C}</UniqueIdentifier>
    </Filter>
    <Filter Include="Libs\ImGui\backends">
      <UniqueIdentifier>{3D25312B-E683-4172-AD81-100CE816E131}</UniqueIdentifier>
    </Filter>

  </ItemGroup>
  <ItemGroup>
    <None Include="$(MSBuildProjectDirectory)\Xmake.Custom.props">
      <Filter>Properties</Filter>
    </None>
    <None Include="$(MSBuildProjectDirectory)\Xmake.Custom.targets">
      <Filter>Properties</Filter>
    </None>
    <None Include="$(MSBuildProjectDirectory)\Xmake.Custom.items">
      <Filter>Properties</Filter>
    </None>
    <None Include="$(MSBuildProjectDirectory)\Xmake.Custom.items.filters">
      <Filter>Properties</Filter>
    </None>
    <None Include="$(XmakeScriptDir)\xmake.lua">
      <Filter>Properties</Filter>
    </None>
  </ItemGroup>
  <ItemGroup>
    <ClInclude Include="$(XmakeProjectDir)\Libs\ImGui\backends\imgui_impl_dx10.h">
      <Filter>Libs\ImGui\backends</Filter>
    </ClInclude>
    <ClInclude Include="$(XmakeProjectDir)\Libs\ImGui\backends\imgui_impl_dx11.h">
      <Filter>Libs\ImGui\backends</Filter>
    </ClInclude>
    <ClInclude Include="$(XmakeProjectDir)\Libs\ImGui\backends\imgui_impl_dx12.h">
      <Filter>Libs\ImGui\backends</Filter>
    </ClInclude>
    <ClInclude Include="$(XmakeProjectDir)\Libs\ImGui\backends\imgui_impl_dx9.h">
      <Filter>Libs\ImGui\backends</Filter>
    </ClInclude>
    <ClInclude Include="$(XmakeProjectDir)\Libs\ImGui\backends\imgui_impl_sdl3.h">
      <Filter>Libs\ImGui\backends</Filter>
    </ClInclude>
    <ClInclude Include="$(XmakeProjectDir)\Libs\ImGui\backends\imgui_impl_sdlgpu3.h">
      <Filter>Libs\ImGui\backends</Filter>
    </ClInclude>
    <ClInclude Include="$(XmakeProjectDir)\Libs\ImGui\backends\imgui_impl_sdlgpu3_shaders.h">
      <Filter>Libs\ImGui\backends</Filter>
    </ClInclude>
    <ClInclude Include="$(XmakeProjectDir)\Libs\ImGui\backends\imgui_impl_sdlrenderer3.h">
      <Filter>Libs\ImGui\backends</Filter>
    </ClInclude>
    <ClInclude Include="$(XmakeProjectDir)\Libs\ImGui\backends\imgui_impl_win32.h">
      <Filter>Libs\ImGui\backends</Filter>
    </ClInclude>
    <ClInclude Include="$(XmakeProjectDir)\Libs\ImGui\imconfig.h">
      <Filter>Libs\ImGui</Filter>
    </ClInclude>
    <ClInclude Include="$(XmakeProjectDir)\Libs\ImGui\imgui.h">
      <Filter>Libs\ImGui</Filter>
    </ClInclude>
    <ClInclude Include="$(XmakeProjectDir)\Libs\ImGui\imgui_internal.h">
      <Filter>Libs\ImGui</Filter>
    </ClInclude>
    <ClInclude Include="$(XmakeProjectDir)\Libs\ImGui\imstb_rectpack.h">
      <Filter>Libs\ImGui</Filter>
    </ClInclude>
    <ClInclude Include="$(XmakeProjectDir)\Libs\ImGui\imstb_textedit.h">
      <Filter>Libs\ImGui</Filter>
    </ClInclude>
    <ClInclude Include="$(XmakeProjectDir)\Libs\ImGui\imstb_truetype.h">
      <Filter>Libs\ImGui</Filter>
    </ClInclude>


  </ItemGroup>
  <ItemGroup>

    <ClCompile Include="$(XmakeProjectDir)\Libs\ImGui\backends\imgui_impl_sdl3.cpp">
      <Filter>Libs\ImGui\backends</Filter>
    </ClCompile>
    <ClCompile Include="$(XmakeProjectDir)\Libs\ImGui\backends\imgui_impl_sdlrenderer3.cpp">
      <Filter>Libs\ImGui\backends</Filter>
    </ClCompile>
    <ClCompile Include="$(XmakeProjectDir)\Libs\ImGui\imgui.cpp">
      <Filter>Libs\ImGui</Filter>
    </ClCompile>
    <ClCompile Include="$(XmakeProjectDir)\Libs\ImGui\imgui_demo.cpp">
      <Filter>Libs\ImGui</Filter>
    </ClCompile>
    <ClCompile Include="$(XmakeProjectDir)\Libs\ImGui\imgui_draw.cpp">
      <Filter>Libs\ImGui</Filter>
    </ClCompile>
    <ClCompile Include="$(XmakeProjectDir)\Libs\ImGui\imgui_tables.cpp">
      <Filter>Libs\ImGui</Filter>
    </ClCompile>
    <ClCompile Include="$(XmakeProjectDir)\Libs\ImGui\imgui_widgets.cpp">
      <Filter>Libs\ImGui</Filter>
    </ClCompile>



  </ItemGroup>
  <ItemGroup>

  </ItemGroup>
  <ItemGroup>




  </ItemGroup>
  <Import Condition="Exists('$(MSBuildThisFileDirectory)\Xmake.Custom.files.filters')"
    Project="$(MSBuildThisFileDirectory)\Xmake.Custom.files.filters" />
</Project>
